
Microsoft Visual Studio Solution File, Format Version 12.00
# Visual Studio Version 16
VisualStudioVersion = 16.0.31702.278
MinimumVisualStudioVersion = 10.0.40219.1
Project("{9A19103F-16F7-4668-BE54-9A1E7A4F7556}") = "Vending Machine", "Vending Machine\Vending Machine.csproj", "{3A32B070-E3C6-4BBC-92A2-D4C36BF78D8B}"
EndProject
Project("{FAE04EC0-301F-11D3-BF4B-00C04F79EFBC}") = "VendingMachineTests", "VendingMachineTests\VendingMachineTests.csproj", "{93FC70B9-C709-4758-97A5-5FFF6C395927}"
EndProject
Global
	GlobalSection(SolutionConfigurationPlatforms) = preSolution
		Debug|Any CPU = Debug|Any CPU
		Release|Any CPU = Release|Any CPU
	EndGlobalSection
	GlobalSection(ProjectConfigurationPlatforms) = postSolution
		{3A32B070-E3C6-4BBC-92A2-D4C36BF78D8B}.Debug|Any CPU.ActiveCfg = Debug|Any CPU
		{3A32B070-E3C6-4BBC-92A2-D4C36BF78D8B}.Debug|Any CPU.Build.0 = Debug|Any CPU
		{3A32B070-E3C6-4BBC-92A2-D4C36BF78D8B}.Release|Any CPU.ActiveCfg = Release|Any CPU
		{3A32B070-E3C6-4BBC-92A2-D4C36BF78D8B}.Release|Any CPU.Build.0 = Release|Any CPU
		{93FC70B9-C709-4758-97A5-5FFF6C395927}.Debug|Any CPU.ActiveCfg = Debug|Any CPU
		{93FC70B9-C709-4758-97A5-5FFF6C395927}.Debug|Any CPU.Build.0 = Debug|Any CPU
		{93FC70B9-C709-4758-97A5-5FFF6C395927}.Release|Any CPU.ActiveCfg = Release|Any CPU
		{93FC70B9-C709-4758-97A5-5FFF6C395927}.Release|Any CPU.Build.0 = Release|Any CPU
	EndGlobalSection
	GlobalSection(SolutionProperties) = preSolution
		HideSolutionNode = FALSE
	EndGlobalSection
	GlobalSection(ExtensibilityGlobals) = postSolution
		SolutionGuid = {A27CBFDB-9683-45F4-8FA3-E8B3A4F787FA}
	EndGlobalSection
EndGlobal
